
Microsoft Visual Studio Solution File, Format Version 12.00
# Visual Studio Version 16
VisualStudioVersion = 16.0.30406.217
MinimumVisualStudioVersion = 10.0.40219.1
Project("{8BC9CEB8-8B4A-11D0-8D11-00A0C91BC942}") = "SDLFlappy", "SDLFlappy\SDLFlappy.vcxproj", "{21FC56CF-FF62-47A4-9952-D3AAACB80409}"
EndProject
Global
	GlobalSection(SolutionConfigurationPlatforms) = preSolution
		Debug|x64 = Debug|x64
		Debug|x86 = Debug|x86
		Release|x64 = Release|x64
		Release|x86 = Release|x86
	EndGlobalSection
	GlobalSection(ProjectConfigurationPlatforms) = postSolution
		{21FC56CF-FF62-47A4-9952-D3AAACB80409}.Debug|x64.ActiveCfg = Debug|x64
		{21FC56CF-FF62-47A4-9952-D3AAACB80409}.Debug|x64.Build.0 = Debug|x64
		{21FC56CF-FF62-47A4-9952-D3AAACB80409}.Debug|x86.ActiveCfg = Debug|Win32
		{21FC56CF-FF62-47A4-9952-D3AAACB80409}.Debug|x86.Build.0 = Debug|Win32
		{21FC56CF-FF62-47A4-9952-D3AAACB80409}.Release|x64.ActiveCfg = Release|x64
		{21FC56CF-FF62-47A4-9952-D3AAACB80409}.Release|x64.Build.0 = Release|x64
		{21FC56CF-FF62-47A4-9952-D3AAACB80409}.Release|x86.ActiveCfg = Release|Win32
		{21FC56CF-FF62-47A4-9952-D3AAACB80409}.Release|x86.Build.0 = Release|Win32
	EndGlobalSection
	GlobalSection(SolutionProperties) = preSolution
		HideSolutionNode = FALSE
	EndGlobalSection
	GlobalSection(ExtensibilityGlobals) = postSolution
		SolutionGuid = {84401DB7-6321-4185-9A65-C849A3471858}
	EndGlobalSection
EndGlobal
